
Microsoft Visual Studio Solution File, Format Version 12.00
# Visual Studio Version 16
VisualStudioVersion = 16.0.30225.117
MinimumVisualStudioVersion = 10.0.40219.1
Project("{FAE04EC0-301F-11D3-BF4B-00C04F79EFBC}") = "Gorbachevskiy_AndersenTask", "Gorbachevskiy_AndersenTask\Gorbachevskiy_AndersenTask.csproj", "{1E4F681D-C254-4438-B24C-085E036EA4ED}"
EndProject
Project("{FAE04EC0-301F-11D3-BF4B-00C04F79EFBC}") = "Gorbachevskiy_AndersenTask2", "Gorbachevskiy_AndersenTask2\Gorbachevskiy_AndersenTask2.csproj", "{F7163E3E-945E-43EC-84BF-EFBF92D62E12}"
EndProject
Project("{FAE04EC0-301F-11D3-BF4B-00C04F79EFBC}") = "Gorbachevskiy_AndersenTask3", "Gorbachevskiy_AndersenTask3\Gorbachevskiy_AndersenTask3.csproj", "{111A987D-FF51-4D52-A6C3-C9FD5EA136BF}"
EndProject
Global
	GlobalSection(SolutionConfigurationPlatforms) = preSolution
		Debug|Any CPU = Debug|Any CPU
		Release|Any CPU = Release|Any CPU
	EndGlobalSection
	GlobalSection(ProjectConfigurationPlatforms) = postSolution
		{1E4F681D-C254-4438-B24C-085E036EA4ED}.Debug|Any CPU.ActiveCfg = Debug|Any CPU
		{1E4F681D-C254-4438-B24C-085E036EA4ED}.Debug|Any CPU.Build.0 = Debug|Any CPU
		{1E4F681D-C254-4438-B24C-085E036EA4ED}.Release|Any CPU.ActiveCfg = Release|Any CPU
		{1E4F681D-C254-4438-B24C-085E036EA4ED}.Release|Any CPU.Build.0 = Release|Any CPU
		{F7163E3E-945E-43EC-84BF-EFBF92D62E12}.Debug|Any CPU.ActiveCfg = Debug|Any CPU
		{F7163E3E-945E-43EC-84BF-EFBF92D62E12}.Debug|Any CPU.Build.0 = Debug|Any CPU
		{F7163E3E-945E-43EC-84BF-EFBF92D62E12}.Release|Any CPU.ActiveCfg = Release|Any CPU
		{F7163E3E-945E-43EC-84BF-EFBF92D62E12}.Release|Any CPU.Build.0 = Release|Any CPU
		{111A987D-FF51-4D52-A6C3-C9FD5EA136BF}.Debug|Any CPU.ActiveCfg = Debug|Any CPU
		{111A987D-FF51-4D52-A6C3-C9FD5EA136BF}.Debug|Any CPU.Build.0 = Debug|Any CPU
		{111A987D-FF51-4D52-A6C3-C9FD5EA136BF}.Release|Any CPU.ActiveCfg = Release|Any CPU
		{111A987D-FF51-4D52-A6C3-C9FD5EA136BF}.Release|Any CPU.Build.0 = Release|Any CPU
	EndGlobalSection
	GlobalSection(SolutionProperties) = preSolution
		HideSolutionNode = FALSE
	EndGlobalSection
	GlobalSection(ExtensibilityGlobals) = postSolution
		SolutionGuid = {57BE7546-4038-4F5D-B20A-26B38406C50B}
	EndGlobalSection
EndGlobal
